
Microsoft Visual Studio Solution File, Format Version 12.00
# Visual Studio Version 17
VisualStudioVersion = 17.7.34018.315
MinimumVisualStudioVersion = 10.0.40219.1
Project("{FAE04EC0-301F-11D3-BF4B-00C04F79EFBC}") = "AspNet.Capitulo02.Razor", "AspNet.Capitulo02.Razor\AspNet.Capitulo02.Razor.csproj", "{0E78FF76-77C2-45EB-AAF5-6C84FD0FB5DE}"
EndProject
Project("{2150E333-8FDC-42A3-9474-1A3956D46DE8}") = "Marketplace", "Marketplace", "{ADEE064A-4B8B-43A0-B306-C2DF7E5219CE}"
EndProject
Project("{FAE04EC0-301F-11D3-BF4B-00C04F79EFBC}") = "Marketplace.Repositorios.SqlServer.DbFirst", "Marketplace.Repositorios.SqlServer.DbFirst\Marketplace.Repositorios.SqlServer.DbFirst.csproj", "{7203414C-89F8-45DB-B0B7-F35124F4C1FB}"
EndProject
Project("{FAE04EC0-301F-11D3-BF4B-00C04F79EFBC}") = "Marketplace.Mvc", "Marketplace.Mvc\Marketplace.Mvc.csproj", "{85951759-FDA9-47EE-AAD7-F8B666FB9A4F}"
EndProject
Project("{2150E333-8FDC-42A3-9474-1A3956D46DE8}") = "GatewayPagamento", "GatewayPagamento", "{C9A7F810-6467-48DF-853F-91EE29D4CDB7}"
EndProject
Project("{FAE04EC0-301F-11D3-BF4B-00C04F79EFBC}") = "GatewayPagamento.Dominio", "GatewayPagamento.Dominio\GatewayPagamento.Dominio.csproj", "{AFB3E927-9625-4450-B1C1-D8629BD1067B}"
EndProject
Project("{FAE04EC0-301F-11D3-BF4B-00C04F79EFBC}") = "GatewayPagamento.Repositorios.SqlServer.CodeFirst", "GatewayPagamento.Repositorios.SqlServer.CodeFirst\GatewayPagamento.Repositorios.SqlServer.CodeFirst.csproj", "{68645FC2-E1FC-473D-ADB0-6F8DD3BC985B}"
EndProject
Project("{FAE04EC0-301F-11D3-BF4B-00C04F79EFBC}") = "GatewayPagamento.Repositorios.SqlServer.CodeFirstTests", "GatewayPagamento.Repositorios.SqlServer.CodeFirstTests\GatewayPagamento.Repositorios.SqlServer.CodeFirstTests.csproj", "{CF4278F5-A719-43C0-8DD5-5800467FB5E7}"
EndProject
Project("{FAE04EC0-301F-11D3-BF4B-00C04F79EFBC}") = "GatewayPagamento.WebApi", "GatewayPagamento.WebApi\GatewayPagamento.WebApi.csproj", "{7A7294E0-B5D3-4927-B5C5-165742E06A32}"
EndProject
Project("{FAE04EC0-301F-11D3-BF4B-00C04F79EFBC}") = "Marketplace.Repositorios.Http", "Marketplace.Repositorios.Http\Marketplace.Repositorios.Http.csproj", "{51486928-0120-4E30-8CF6-8C58562060C8}"
EndProject
Project("{2150E333-8FDC-42A3-9474-1A3956D46DE8}") = "ExpoCenter", "ExpoCenter", "{F45FA668-84B7-4FAC-99D0-038DEA8EBDD4}"
EndProject
Project("{9A19103F-16F7-4668-BE54-9A1E7A4F7556}") = "ExpoCenter.Dominio", "ExpoCenter.Dominio\ExpoCenter.Dominio.csproj", "{92D0204E-7E82-4585-B902-7C7D150E5156}"
EndProject
Project("{9A19103F-16F7-4668-BE54-9A1E7A4F7556}") = "ExpoCenter.Repositorios.SqlServer", "ExpoCenter.Repositorios.SqlServer\ExpoCenter.Repositorios.SqlServer.csproj", "{4A445747-137D-4785-A775-3B6CA8D8BD98}"
EndProject
Project("{9A19103F-16F7-4668-BE54-9A1E7A4F7556}") = "ExpoCenter.Repositorios.SqlServerTests", "ExpoCenter.Repositorios.SqlServerTests\ExpoCenter.Repositorios.SqlServerTests.csproj", "{27D98628-D474-4D94-892B-0E2A9D83FE34}"
EndProject
Project("{9A19103F-16F7-4668-BE54-9A1E7A4F7556}") = "ExpoCenter.Mvc", "ExpoCenter.Mvc\ExpoCenter.Mvc.csproj", "{ED40DC97-56BD-4413-88E1-C46BC8F88208}"
EndProject
Project("{FAE04EC0-301F-11D3-BF4B-00C04F79EFBC}") = "ExpoCenter.WebApi", "ExpoCenter.WebApi\ExpoCenter.WebApi.csproj", "{48632D8B-DE4A-4FAA-A731-5E852060A912}"
EndProject
Project("{FAE04EC0-301F-11D3-BF4B-00C04F79EFBC}") = "ExpoCenter.Repositorios.Http", "ExpoCenter.Repositorios.Http\ExpoCenter.Repositorios.Http.csproj", "{90E8567E-7E41-4D14-8821-DF6D2979FD27}"
EndProject
Project("{FAE04EC0-301F-11D3-BF4B-00C04F79EFBC}") = "ExpoCenter.Html", "ExpoCenter.Html\ExpoCenter.Html.csproj", "{01E968BC-05BC-45A7-90E5-5F7A44A09F88}"
EndProject
Global
	GlobalSection(SolutionConfigurationPlatforms) = preSolution
		Debug|Any CPU = Debug|Any CPU
		Release|Any CPU = Release|Any CPU
	EndGlobalSection
	GlobalSection(ProjectConfigurationPlatforms) = postSolution
		{0E78FF76-77C2-45EB-AAF5-6C84FD0FB5DE}.Debug|Any CPU.ActiveCfg = Debug|Any CPU
		{0E78FF76-77C2-45EB-AAF5-6C84FD0FB5DE}.Debug|Any CPU.Build.0 = Debug|Any CPU
		{0E78FF76-77C2-45EB-AAF5-6C84FD0FB5DE}.Release|Any CPU.ActiveCfg = Release|Any CPU
		{0E78FF76-77C2-45EB-AAF5-6C84FD0FB5DE}.Release|Any CPU.Build.0 = Release|Any CPU
		{7203414C-89F8-45DB-B0B7-F35124F4C1FB}.Debug|Any CPU.ActiveCfg = Debug|Any CPU
		{7203414C-89F8-45DB-B0B7-F35124F4C1FB}.Debug|Any CPU.Build.0 = Debug|Any CPU
		{7203414C-89F8-45DB-B0B7-F35124F4C1FB}.Release|Any CPU.ActiveCfg = Release|Any CPU
		{7203414C-89F8-45DB-B0B7-F35124F4C1FB}.Release|Any CPU.Build.0 = Release|Any CPU
		{85951759-FDA9-47EE-AAD7-F8B666FB9A4F}.Debug|Any CPU.ActiveCfg = Debug|Any CPU
		{85951759-FDA9-47EE-AAD7-F8B666FB9A4F}.Debug|Any CPU.Build.0 = Debug|Any CPU
		{85951759-FDA9-47EE-AAD7-F8B666FB9A4F}.Release|Any CPU.ActiveCfg = Release|Any CPU
		{85951759-FDA9-47EE-AAD7-F8B666FB9A4F}.Release|Any CPU.Build.0 = Release|Any CPU
		{AFB3E927-9625-4450-B1C1-D8629BD1067B}.Debug|Any CPU.ActiveCfg = Debug|Any CPU
		{AFB3E927-9625-4450-B1C1-D8629BD1067B}.Debug|Any CPU.Build.0 = Debug|Any CPU
		{AFB3E927-9625-4450-B1C1-D8629BD1067B}.Release|Any CPU.ActiveCfg = Release|Any CPU
		{AFB3E927-9625-4450-B1C1-D8629BD1067B}.Release|Any CPU.Build.0 = Release|Any CPU
		{68645FC2-E1FC-473D-ADB0-6F8DD3BC985B}.Debug|Any CPU.ActiveCfg = Debug|Any CPU
		{68645FC2-E1FC-473D-ADB0-6F8DD3BC985B}.Debug|Any CPU.Build.0 = Debug|Any CPU
		{68645FC2-E1FC-473D-ADB0-6F8DD3BC985B}.Release|Any CPU.ActiveCfg = Release|Any CPU
		{68645FC2-E1FC-473D-ADB0-6F8DD3BC985B}.Release|Any CPU.Build.0 = Release|Any CPU
		{CF4278F5-A719-43C0-8DD5-5800467FB5E7}.Debug|Any CPU.ActiveCfg = Debug|Any CPU
		{CF4278F5-A719-43C0-8DD5-5800467FB5E7}.Debug|Any CPU.Build.0 = Debug|Any CPU
		{CF4278F5-A719-43C0-8DD5-5800467FB5E7}.Release|Any CPU.ActiveCfg = Release|Any CPU
		{CF4278F5-A719-43C0-8DD5-5800467FB5E7}.Release|Any CPU.Build.0 = Release|Any CPU
		{7A7294E0-B5D3-4927-B5C5-165742E06A32}.Debug|Any CPU.ActiveCfg = Debug|Any CPU
		{7A7294E0-B5D3-4927-B5C5-165742E06A32}.Debug|Any CPU.Build.0 = Debug|Any CPU
		{7A7294E0-B5D3-4927-B5C5-165742E06A32}.Release|Any CPU.ActiveCfg = Release|Any CPU
		{7A7294E0-B5D3-4927-B5C5-165742E06A32}.Release|Any CPU.Build.0 = Release|Any CPU
		{51486928-0120-4E30-8CF6-8C58562060C8}.Debug|Any CPU.ActiveCfg = Debug|Any CPU
		{51486928-0120-4E30-8CF6-8C58562060C8}.Debug|Any CPU.Build.0 = Debug|Any CPU
		{51486928-0120-4E30-8CF6-8C58562060C8}.Release|Any CPU.ActiveCfg = Release|Any CPU
		{51486928-0120-4E30-8CF6-8C58562060C8}.Release|Any CPU.Build.0 = Release|Any CPU
		{92D0204E-7E82-4585-B902-7C7D150E5156}.Debug|Any CPU.ActiveCfg = Debug|Any CPU
		{92D0204E-7E82-4585-B902-7C7D150E5156}.Debug|Any CPU.Build.0 = Debug|Any CPU
		{92D0204E-7E82-4585-B902-7C7D150E5156}.Release|Any CPU.ActiveCfg = Release|Any CPU
		{92D0204E-7E82-4585-B902-7C7D150E5156}.Release|Any CPU.Build.0 = Release|Any CPU
		{4A445747-137D-4785-A775-3B6CA8D8BD98}.Debug|Any CPU.ActiveCfg = Debug|Any CPU
		{4A445747-137D-4785-A775-3B6CA8D8BD98}.Debug|Any CPU.Build.0 = Debug|Any CPU
		{4A445747-137D-4785-A775-3B6CA8D8BD98}.Release|Any CPU.ActiveCfg = Release|Any CPU
		{4A445747-137D-4785-A775-3B6CA8D8BD98}.Release|Any CPU.Build.0 = Release|Any CPU
		{27D98628-D474-4D94-892B-0E2A9D83FE34}.Debug|Any CPU.ActiveCfg = Debug|Any CPU
		{27D98628-D474-4D94-892B-0E2A9D83FE34}.Debug|Any CPU.Build.0 = Debug|Any CPU
		{27D98628-D474-4D94-892B-0E2A9D83FE34}.Release|Any CPU.ActiveCfg = Release|Any CPU
		{27D98628-D474-4D94-892B-0E2A9D83FE34}.Release|Any CPU.Build.0 = Release|Any CPU
		{ED40DC97-56BD-4413-88E1-C46BC8F88208}.Debug|Any CPU.ActiveCfg = Debug|Any CPU
		{ED40DC97-56BD-4413-88E1-C46BC8F88208}.Debug|Any CPU.Build.0 = Debug|Any CPU
		{ED40DC97-56BD-4413-88E1-C46BC8F88208}.Release|Any CPU.ActiveCfg = Release|Any CPU
		{ED40DC97-56BD-4413-88E1-C46BC8F88208}.Release|Any CPU.Build.0 = Release|Any CPU
		{48632D8B-DE4A-4FAA-A731-5E852060A912}.Debug|Any CPU.ActiveCfg = Debug|Any CPU
		{48632D8B-DE4A-4FAA-A731-5E852060A912}.Debug|Any CPU.Build.0 = Debug|Any CPU
		{48632D8B-DE4A-4FAA-A731-5E852060A912}.Release|Any CPU.ActiveCfg = Release|Any CPU
		{48632D8B-DE4A-4FAA-A731-5E852060A912}.Release|Any CPU.Build.0 = Release|Any CPU
		{90E8567E-7E41-4D14-8821-DF6D2979FD27}.Debug|Any CPU.ActiveCfg = Debug|Any CPU
		{90E8567E-7E41-4D14-8821-DF6D2979FD27}.Debug|Any CPU.Build.0 = Debug|Any CPU
		{90E8567E-7E41-4D14-8821-DF6D2979FD27}.Release|Any CPU.ActiveCfg = Release|Any CPU
		{90E8567E-7E41-4D14-8821-DF6D2979FD27}.Release|Any CPU.Build.0 = Release|Any CPU
		{01E968BC-05BC-45A7-90E5-5F7A44A09F88}.Debug|Any CPU.ActiveCfg = Debug|Any CPU
		{01E968BC-05BC-45A7-90E5-5F7A44A09F88}.Debug|Any CPU.Build.0 = Debug|Any CPU
		{01E968BC-05BC-45A7-90E5-5F7A44A09F88}.Release|Any CPU.ActiveCfg = Release|Any CPU
		{01E968BC-05BC-45A7-90E5-5F7A44A09F88}.Release|Any CPU.Build.0 = Release|Any CPU
	EndGlobalSection
	GlobalSection(SolutionProperties) = preSolution
		HideSolutionNode = FALSE
	EndGlobalSection
	GlobalSection(NestedProjects) = preSolution
		{7203414C-89F8-45DB-B0B7-F35124F4C1FB} = {ADEE064A-4B8B-43A0-B306-C2DF7E5219CE}
		{85951759-FDA9-47EE-AAD7-F8B666FB9A4F} = {ADEE064A-4B8B-43A0-B306-C2DF7E5219CE}
		{AFB3E927-9625-4450-B1C1-D8629BD1067B} = {C9A7F810-6467-48DF-853F-91EE29D4CDB7}
		{68645FC2-E1FC-473D-ADB0-6F8DD3BC985B} = {C9A7F810-6467-48DF-853F-91EE29D4CDB7}
		{CF4278F5-A719-43C0-8DD5-5800467FB5E7} = {C9A7F810-6467-48DF-853F-91EE29D4CDB7}
		{7A7294E0-B5D3-4927-B5C5-165742E06A32} = {C9A7F810-6467-48DF-853F-91EE29D4CDB7}
		{51486928-0120-4E30-8CF6-8C58562060C8} = {ADEE064A-4B8B-43A0-B306-C2DF7E5219CE}
		{92D0204E-7E82-4585-B902-7C7D150E5156} = {F45FA668-84B7-4FAC-99D0-038DEA8EBDD4}
		{4A445747-137D-4785-A775-3B6CA8D8BD98} = {F45FA668-84B7-4FAC-99D0-038DEA8EBDD4}
		{27D98628-D474-4D94-892B-0E2A9D83FE34} = {F45FA668-84B7-4FAC-99D0-038DEA8EBDD4}
		{ED40DC97-56BD-4413-88E1-C46BC8F88208} = {F45FA668-84B7-4FAC-99D0-038DEA8EBDD4}
		{48632D8B-DE4A-4FAA-A731-5E852060A912} = {F45FA668-84B7-4FAC-99D0-038DEA8EBDD4}
		{90E8567E-7E41-4D14-8821-DF6D2979FD27} = {F45FA668-84B7-4FAC-99D0-038DEA8EBDD4}
		{01E968BC-05BC-45A7-90E5-5F7A44A09F88} = {F45FA668-84B7-4FAC-99D0-038DEA8EBDD4}
	EndGlobalSection
	GlobalSection(ExtensibilityGlobals) = postSolution
		SolutionGuid = {6538C49D-8D27-4923-A43C-FDC0D80BC930}
	EndGlobalSection
EndGlobal
